Microsoft Visual Studio Solution File, Format Version 12.00
# Visual Studio Version 18
VisualStudioVersion = 18.9.12120.119 stable
MinimumVisualStudioVersion = 10.0.40219.1
Project("{FAE04EC0-301F-11D3-BF4B-00C04F79EFBC}") = "DesktopIniManager", "DesktopIniManager.csproj", "{91097EF8-6B8C-492A-AC5C-F85A0BD979F4}"
EndProject
Global
	GlobalSection(SolutionConfigurationPlatforms) = preSolution
		Debug|Any CPU = Debug|Any CPU
		Release|Any CPU = Release|Any CPU
	EndGlobalSection
	GlobalSection(ProjectConfigurationPlatforms) = postSolution
		{91097EF8-6B8C-492A-AC5C-F85A0BD979F4}.Debug|Any CPU.ActiveCfg = Debug|Any CPU
		{91097EF8-6B8C-492A-AC5C-F85A0BD979F4}.Debug|Any CPU.Build.0 = Debug|Any CPU
		{91097EF8-6B8C-492A-AC5C-F85A0BD979F4}.Release|Any CPU.ActiveCfg = Release|Any CPU
		{91097EF8-6B8C-492A-AC5C-F85A0BD979F4}.Release|Any CPU.Build.0 = Release|Any CPU
	EndGlobalSection
EndGlobal
